
Microsoft Visual Studio Solution File, Format Version 12.00
# Visual Studio Version 17
VisualStudioVersion = 17.14.36301.6 d17.14
MinimumVisualStudioVersion = 10.0.40219.1
Project("{FAE04EC0-301F-11D3-BF4B-00C04F79EFBC}") = "AntiJarCrash", "AntiJarCrash.csproj", "{5CB045A7-EFB6-4DEE-AAFC-D7072F08F39A}"
EndProject
Global
	GlobalSection(SolutionConfigurationPlatforms) = preSolution
		Debug|Any CPU = Debug|Any CPU
		Release|Any CPU = Release|Any CPU
	EndGlobalSection
	GlobalSection(ProjectConfigurationPlatforms) = postSolution
		{5CB045A7-EFB6-4DEE-AAFC-D7072F08F39A}.Debug|Any CPU.ActiveCfg = Debug|Any CPU
		{5CB045A7-EFB6-4DEE-AAFC-D7072F08F39A}.Debug|Any CPU.Build.0 = Debug|Any CPU
		{5CB045A7-EFB6-4DEE-AAFC-D7072F08F39A}.Release|Any CPU.ActiveCfg = Release|Any CPU
		{5CB045A7-EFB6-4DEE-AAFC-D7072F08F39A}.Release|Any CPU.Build.0 = Release|Any CPU
	EndGlobalSection
	GlobalSection(SolutionProperties) = preSolution
		HideSolutionNode = FALSE
	EndGlobalSection
	GlobalSection(ExtensibilityGlobals) = postSolution
		SolutionGuid = {5134A607-ACAC-4FED-A0A8-EB7B86E80949}
	EndGlobalSection
EndGlobal
